
Microsoft Visual Studio Solution File, Format Version 12.00
# Visual Studio Version 17
VisualStudioVersion = 17.14.36202.13
MinimumVisualStudioVersion = 10.0.40219.1
Project("{FAE04EC0-301F-11D3-BF4B-00C04F79EFBC}") = "UserService", "UserService\UserService.csproj", "{CC118F59-B785-4A42-A256-54BAE168931E}"
EndProject
Project("{E53339B2-1760-4266-BCC7-CA923CBCF16C}") = "docker-compose", "docker-compose.dcproj", "{81DDED9D-158B-E303-5F62-77A2896D2A5A}"
	ProjectSection(ProjectDependencies) = postProject
		{827A4470-602F-483F-8D92-793BB809C20A} = {827A4470-602F-483F-8D92-793BB809C20A}
	EndProjectSection
EndProject
Project("{FAE04EC0-301F-11D3-BF4B-00C04F79EFBC}") = "APIGateway", "APIGateway\APIGateway.csproj", "{827A4470-602F-483F-8D92-793BB809C20A}"
EndProject
Project("{FAE04EC0-301F-11D3-BF4B-00C04F79EFBC}") = "ProductCatalog", "ProductCatalog\ProductCatalog.csproj", "{002623C3-5D50-474E-BB12-ABE8171BA47F}"
EndProject
Global
	GlobalSection(SolutionConfigurationPlatforms) = preSolution
		Debug|Any CPU = Debug|Any CPU
		Release|Any CPU = Release|Any CPU
	EndGlobalSection
	GlobalSection(ProjectConfigurationPlatforms) = postSolution
		{CC118F59-B785-4A42-A256-54BAE168931E}.Debug|Any CPU.ActiveCfg = Debug|Any CPU
		{CC118F59-B785-4A42-A256-54BAE168931E}.Debug|Any CPU.Build.0 = Debug|Any CPU
		{CC118F59-B785-4A42-A256-54BAE168931E}.Release|Any CPU.ActiveCfg = Release|Any CPU
		{CC118F59-B785-4A42-A256-54BAE168931E}.Release|Any CPU.Build.0 = Release|Any CPU
		{81DDED9D-158B-E303-5F62-77A2896D2A5A}.Debug|Any CPU.ActiveCfg = Debug|Any CPU
		{81DDED9D-158B-E303-5F62-77A2896D2A5A}.Release|Any CPU.ActiveCfg = Release|Any CPU
		{81DDED9D-158B-E303-5F62-77A2896D2A5A}.Release|Any CPU.Build.0 = Release|Any CPU
		{827A4470-602F-483F-8D92-793BB809C20A}.Debug|Any CPU.ActiveCfg = Debug|Any CPU
		{827A4470-602F-483F-8D92-793BB809C20A}.Debug|Any CPU.Build.0 = Debug|Any CPU
		{827A4470-602F-483F-8D92-793BB809C20A}.Release|Any CPU.ActiveCfg = Release|Any CPU
		{827A4470-602F-483F-8D92-793BB809C20A}.Release|Any CPU.Build.0 = Release|Any CPU
		{002623C3-5D50-474E-BB12-ABE8171BA47F}.Debug|Any CPU.ActiveCfg = Debug|Any CPU
		{002623C3-5D50-474E-BB12-ABE8171BA47F}.Debug|Any CPU.Build.0 = Debug|Any CPU
		{002623C3-5D50-474E-BB12-ABE8171BA47F}.Release|Any CPU.ActiveCfg = Release|Any CPU
		{002623C3-5D50-474E-BB12-ABE8171BA47F}.Release|Any CPU.Build.0 = Release|Any CPU
	EndGlobalSection
	GlobalSection(SolutionProperties) = preSolution
		HideSolutionNode = FALSE
	EndGlobalSection
	GlobalSection(ExtensibilityGlobals) = postSolution
		SolutionGuid = {9BA5BB04-A065-47E1-AB31-8C5A47A43F05}
	EndGlobalSection
EndGlobal
